
Microsoft Visual Studio Solution File, Format Version 11.00
# Visual Studio 2010
Project("{2150E333-8FDC-42A3-9474-1A3956D46DE8}") = "Diagrams", "Diagrams", "{5C61617B-4211-4AAE-86DC-96106BE27349}"
EndProject
Project("{2150E333-8FDC-42A3-9474-1A3956D46DE8}") = "Task", "Task", "{FD2A990E-D99F-438F-ABE7-89D1A398CC14}"
EndProject
Project("{FAE04EC0-301F-11D3-BF4B-00C04F79EFBC}") = "MainModelMock", "MainModelMock\MainModelMock.csproj", "{27028396-922C-4A41-9D68-A4803F944E9E}"
EndProject
Project("{2150E333-8FDC-42A3-9474-1A3956D46DE8}") = "Infrastracture", "Infrastracture", "{1145C79F-A71C-464D-8409-8B5400905ED8}"
EndProject
Project("{FAE04EC0-301F-11D3-BF4B-00C04F79EFBC}") = "Common.Extensions", "Common.Extensions\Common.Extensions.csproj", "{D174C649-20D8-4010-9821-687C864246B3}"
EndProject
Project("{FAE04EC0-301F-11D3-BF4B-00C04F79EFBC}") = "ShellInfrastracture", "ShellInfrastracture\ShellInfrastracture.csproj", "{890C3332-07E1-491D-A6AD-65620B513BCB}"
EndProject
Project("{2150E333-8FDC-42A3-9474-1A3956D46DE8}") = "Modules", "Modules", "{1F728413-9ED0-4816-9A3B-3DAE93141CAA}"
EndProject
Project("{FAE04EC0-301F-11D3-BF4B-00C04F79EFBC}") = "SilverlightClientApp", "SilverlightClientApp\SilverlightClientApp.csproj", "{5F8208DD-CEB8-4EDA-9AD8-1A3422644A58}"
EndProject
Project("{FAE04EC0-301F-11D3-BF4B-00C04F79EFBC}") = "SilverlightClientApp.Web", "SilverlightClientApp.Web\SilverlightClientApp.Web.csproj", "{57111D77-ABB2-4784-82DD-A01F62F8260F}"
EndProject
Project("{FAE04EC0-301F-11D3-BF4B-00C04F79EFBC}") = "ModulesInfrastructure", "ModulesInfrastructure\ModulesInfrastructure.csproj", "{9EC7A04C-4450-4C9C-B03F-91ECF50189F3}"
EndProject
Global
	GlobalSection(SubversionScc) = preSolution
		Svn-Managed = True
		Manager = AnkhSVN - Subversion Support for Visual Studio
	EndGlobalSection
	GlobalSection(SolutionConfigurationPlatforms) = preSolution
		Debug|Any CPU = Debug|Any CPU
		Release|Any CPU = Release|Any CPU
	EndGlobalSection
	GlobalSection(ProjectConfigurationPlatforms) = postSolution
		{27028396-922C-4A41-9D68-A4803F944E9E}.Debug|Any CPU.ActiveCfg = Debug|Any CPU
		{27028396-922C-4A41-9D68-A4803F944E9E}.Debug|Any CPU.Build.0 = Debug|Any CPU
		{27028396-922C-4A41-9D68-A4803F944E9E}.Release|Any CPU.ActiveCfg = Release|Any CPU
		{27028396-922C-4A41-9D68-A4803F944E9E}.Release|Any CPU.Build.0 = Release|Any CPU
		{D174C649-20D8-4010-9821-687C864246B3}.Debug|Any CPU.ActiveCfg = Debug|Any CPU
		{D174C649-20D8-4010-9821-687C864246B3}.Debug|Any CPU.Build.0 = Debug|Any CPU
		{D174C649-20D8-4010-9821-687C864246B3}.Release|Any CPU.ActiveCfg = Release|Any CPU
		{D174C649-20D8-4010-9821-687C864246B3}.Release|Any CPU.Build.0 = Release|Any CPU
		{890C3332-07E1-491D-A6AD-65620B513BCB}.Debug|Any CPU.ActiveCfg = Debug|Any CPU
		{890C3332-07E1-491D-A6AD-65620B513BCB}.Debug|Any CPU.Build.0 = Debug|Any CPU
		{890C3332-07E1-491D-A6AD-65620B513BCB}.Release|Any CPU.ActiveCfg = Release|Any CPU
		{890C3332-07E1-491D-A6AD-65620B513BCB}.Release|Any CPU.Build.0 = Release|Any CPU
		{5F8208DD-CEB8-4EDA-9AD8-1A3422644A58}.Debug|Any CPU.ActiveCfg = Debug|Any CPU
		{5F8208DD-CEB8-4EDA-9AD8-1A3422644A58}.Debug|Any CPU.Build.0 = Debug|Any CPU
		{5F8208DD-CEB8-4EDA-9AD8-1A3422644A58}.Release|Any CPU.ActiveCfg = Release|Any CPU
		{5F8208DD-CEB8-4EDA-9AD8-1A3422644A58}.Release|Any CPU.Build.0 = Release|Any CPU
		{57111D77-ABB2-4784-82DD-A01F62F8260F}.Debug|Any CPU.ActiveCfg = Debug|Any CPU
		{57111D77-ABB2-4784-82DD-A01F62F8260F}.Debug|Any CPU.Build.0 = Debug|Any CPU
		{57111D77-ABB2-4784-82DD-A01F62F8260F}.Release|Any CPU.ActiveCfg = Release|Any CPU
		{57111D77-ABB2-4784-82DD-A01F62F8260F}.Release|Any CPU.Build.0 = Release|Any CPU
		{9EC7A04C-4450-4C9C-B03F-91ECF50189F3}.Debug|Any CPU.ActiveCfg = Debug|Any CPU
		{9EC7A04C-4450-4C9C-B03F-91ECF50189F3}.Debug|Any CPU.Build.0 = Debug|Any CPU
		{9EC7A04C-4450-4C9C-B03F-91ECF50189F3}.Release|Any CPU.ActiveCfg = Release|Any CPU
		{9EC7A04C-4450-4C9C-B03F-91ECF50189F3}.Release|Any CPU.Build.0 = Release|Any CPU
	EndGlobalSection
	GlobalSection(SolutionProperties) = preSolution
		HideSolutionNode = FALSE
	EndGlobalSection
	GlobalSection(NestedProjects) = preSolution
		{D174C649-20D8-4010-9821-687C864246B3} = {1145C79F-A71C-464D-8409-8B5400905ED8}
		{890C3332-07E1-491D-A6AD-65620B513BCB} = {1145C79F-A71C-464D-8409-8B5400905ED8}
		{9EC7A04C-4450-4C9C-B03F-91ECF50189F3} = {1145C79F-A71C-464D-8409-8B5400905ED8}
	EndGlobalSection
EndGlobal
