
Microsoft Visual Studio Solution File, Format Version 11.00
# Visual Studio 2010
Project("{FAE04EC0-301F-11D3-BF4B-00C04F79EFBC}") = "ClientPhone", "ClientPhone\ClientPhone.csproj", "{AA66888D-CEB8-4EB7-A32A-62D28AEBD6ED}"
EndProject
Project("{FAE04EC0-301F-11D3-BF4B-00C04F79EFBC}") = "WpfApplication1", "WpfApplication1\WpfApplication1.csproj", "{2190CBCD-7FAE-4A2F-94DB-2DD5AC123383}"
EndProject
Project("{FAE04EC0-301F-11D3-BF4B-00C04F79EFBC}") = "ConsoleApplication1", "ConsoleApplication1\ConsoleApplication1.csproj", "{B22C56A2-49FE-4C57-BBC5-F56184A6101D}"
EndProject
Global
	GlobalSection(SubversionScc) = preSolution
		Svn-Managed = True
		Manager = AnkhSVN - Subversion Support for Visual Studio
	EndGlobalSection
	GlobalSection(SolutionConfigurationPlatforms) = preSolution
		Debug|Any CPU = Debug|Any CPU
		Debug|Mixed Platforms = Debug|Mixed Platforms
		Debug|x86 = Debug|x86
		Release|Any CPU = Release|Any CPU
		Release|Mixed Platforms = Release|Mixed Platforms
		Release|x86 = Release|x86
	EndGlobalSection
	GlobalSection(ProjectConfigurationPlatforms) = postSolution
		{AA66888D-CEB8-4EB7-A32A-62D28AEBD6ED}.Debug|Any CPU.ActiveCfg = Debug|Any CPU
		{AA66888D-CEB8-4EB7-A32A-62D28AEBD6ED}.Debug|Any CPU.Build.0 = Debug|Any CPU
		{AA66888D-CEB8-4EB7-A32A-62D28AEBD6ED}.Debug|Any CPU.Deploy.0 = Debug|Any CPU
		{AA66888D-CEB8-4EB7-A32A-62D28AEBD6ED}.Debug|Mixed Platforms.ActiveCfg = Debug|Any CPU
		{AA66888D-CEB8-4EB7-A32A-62D28AEBD6ED}.Debug|Mixed Platforms.Build.0 = Debug|Any CPU
		{AA66888D-CEB8-4EB7-A32A-62D28AEBD6ED}.Debug|Mixed Platforms.Deploy.0 = Debug|Any CPU
		{AA66888D-CEB8-4EB7-A32A-62D28AEBD6ED}.Debug|x86.ActiveCfg = Debug|Any CPU
		{AA66888D-CEB8-4EB7-A32A-62D28AEBD6ED}.Release|Any CPU.ActiveCfg = Release|Any CPU
		{AA66888D-CEB8-4EB7-A32A-62D28AEBD6ED}.Release|Any CPU.Build.0 = Release|Any CPU
		{AA66888D-CEB8-4EB7-A32A-62D28AEBD6ED}.Release|Any CPU.Deploy.0 = Release|Any CPU
		{AA66888D-CEB8-4EB7-A32A-62D28AEBD6ED}.Release|Mixed Platforms.ActiveCfg = Release|Any CPU
		{AA66888D-CEB8-4EB7-A32A-62D28AEBD6ED}.Release|Mixed Platforms.Build.0 = Release|Any CPU
		{AA66888D-CEB8-4EB7-A32A-62D28AEBD6ED}.Release|Mixed Platforms.Deploy.0 = Release|Any CPU
		{AA66888D-CEB8-4EB7-A32A-62D28AEBD6ED}.Release|x86.ActiveCfg = Release|Any CPU
		{2190CBCD-7FAE-4A2F-94DB-2DD5AC123383}.Debug|Any CPU.ActiveCfg = Debug|x86
		{2190CBCD-7FAE-4A2F-94DB-2DD5AC123383}.Debug|Mixed Platforms.ActiveCfg = Debug|x86
		{2190CBCD-7FAE-4A2F-94DB-2DD5AC123383}.Debug|Mixed Platforms.Build.0 = Debug|x86
		{2190CBCD-7FAE-4A2F-94DB-2DD5AC123383}.Debug|x86.ActiveCfg = Debug|x86
		{2190CBCD-7FAE-4A2F-94DB-2DD5AC123383}.Debug|x86.Build.0 = Debug|x86
		{2190CBCD-7FAE-4A2F-94DB-2DD5AC123383}.Release|Any CPU.ActiveCfg = Release|x86
		{2190CBCD-7FAE-4A2F-94DB-2DD5AC123383}.Release|Mixed Platforms.ActiveCfg = Release|x86
		{2190CBCD-7FAE-4A2F-94DB-2DD5AC123383}.Release|Mixed Platforms.Build.0 = Release|x86
		{2190CBCD-7FAE-4A2F-94DB-2DD5AC123383}.Release|x86.ActiveCfg = Release|x86
		{2190CBCD-7FAE-4A2F-94DB-2DD5AC123383}.Release|x86.Build.0 = Release|x86
		{B22C56A2-49FE-4C57-BBC5-F56184A6101D}.Debug|Any CPU.ActiveCfg = Debug|x86
		{B22C56A2-49FE-4C57-BBC5-F56184A6101D}.Debug|Mixed Platforms.ActiveCfg = Debug|x86
		{B22C56A2-49FE-4C57-BBC5-F56184A6101D}.Debug|Mixed Platforms.Build.0 = Debug|x86
		{B22C56A2-49FE-4C57-BBC5-F56184A6101D}.Debug|x86.ActiveCfg = Debug|x86
		{B22C56A2-49FE-4C57-BBC5-F56184A6101D}.Debug|x86.Build.0 = Debug|x86
		{B22C56A2-49FE-4C57-BBC5-F56184A6101D}.Release|Any CPU.ActiveCfg = Release|x86
		{B22C56A2-49FE-4C57-BBC5-F56184A6101D}.Release|Mixed Platforms.ActiveCfg = Release|x86
		{B22C56A2-49FE-4C57-BBC5-F56184A6101D}.Release|Mixed Platforms.Build.0 = Release|x86
		{B22C56A2-49FE-4C57-BBC5-F56184A6101D}.Release|x86.ActiveCfg = Release|x86
		{B22C56A2-49FE-4C57-BBC5-F56184A6101D}.Release|x86.Build.0 = Release|x86
	EndGlobalSection
	GlobalSection(SolutionProperties) = preSolution
		HideSolutionNode = FALSE
	EndGlobalSection
	GlobalSection(PowerDesigner) = preSolution
		HasSWS = 1
	EndGlobalSection
EndGlobal
